
Microsoft Visual Studio Solution File, Format Version 12.00
# Visual Studio Version 17
VisualStudioVersion = 17.13.35931.197 d17.13
MinimumVisualStudioVersion = 10.0.40219.1
Project("{FAE04EC0-301F-11D3-BF4B-00C04F79EFBC}") = "MyFirstDatabase", "MyFirstDatabase.csproj", "{9CED2E88-C743-4DE8-9799-6AEC6D057BF9}"
EndProject
Global
	GlobalSection(SolutionConfigurationPlatforms) = preSolution
		Debug|Any CPU = Debug|Any CPU
		Release|Any CPU = Release|Any CPU
	EndGlobalSection
	GlobalSection(ProjectConfigurationPlatforms) = postSolution
		{9CED2E88-C743-4DE8-9799-6AEC6D057BF9}.Debug|Any CPU.ActiveCfg = Debug|Any CPU
		{9CED2E88-C743-4DE8-9799-6AEC6D057BF9}.Debug|Any CPU.Build.0 = Debug|Any CPU
		{9CED2E88-C743-4DE8-9799-6AEC6D057BF9}.Release|Any CPU.ActiveCfg = Release|Any CPU
		{9CED2E88-C743-4DE8-9799-6AEC6D057BF9}.Release|Any CPU.Build.0 = Release|Any CPU
	EndGlobalSection
	GlobalSection(SolutionProperties) = preSolution
		HideSolutionNode = FALSE
	EndGlobalSection
	GlobalSection(ExtensibilityGlobals) = postSolution
		SolutionGuid = {A8B0B9D8-AE6A-4843-8161-64D751B4C1BF}
	EndGlobalSection
EndGlobal
